github.com/ThomsonReutersEikon/go-ntlm v0.0.0-20181130171125-cf23bd1ecf18 h1:RlOimIFMhxYWS3dkHzqgLjigsn9OC6EOeSBL9dEUmxk=
github.com/ThomsonReutersEikon/go-ntlm v0.0.0-20181130171125-cf23bd1ecf18/go.mod h1:0eFwySJYxbNw/r8cJ01IeztpJfwrgrmiLtYig80Yvrc=
github.com/gobwas/httphead v0.1.0 h1:exrUm0f4YX0L7EBwZHuCF4GDp8aJfVeBrlLQrs6NqWU=
github.com/gobwas/httphead v0.1.0/go.mod h1:O/RXo79gxV8G+RqlR/otEwx4Q36zl9rqC5u12GKvMCM=
github.com/gobwas/pool v0.2.1 h1:xfeeEhW7pwmX8nuLVlqbzVc7udMDrwetjEv+TZIz1og=
github.com/gobwas/pool v0.2.1/go.mod h1:q8bcK0KcYlCgd9e7WYLm9LpyS+YeLd8JVDW6WezmKEw=
github.com/gobwas/ws v1.1.0 h1:7RFti/xnNkMJnrK7D1yQ/iCIB5OrrY/54/H930kIbHA=
github.com/gobwas/ws v1.1.0/go.mod h1:nzvNcVha5eUziGrbxFCo6qFIojQHjJV5cLYIbezhfL0=
github.com/tamx/golang-digest v0.0.0-20201114012410-9d6271ecc124 h1:yhFw8jwuSiVgv7+J5ILuACwXhlnYYWP6IzmcjFrQ/+U=
github.com/tamx/golang-digest v0.0.0-20201114012410-9d6271ecc124/go.mod h1:KyAF6X+pyzUwC76NGuFW/WKJ5IL2ndNOTJkl6Jp9CwY=
github.com/tamx/golang-github-thomsonreuterseikon-go-ntlm v0.0.0-20170724044155-2cfbe50241e1 h1:kNWct+TEdFwYe+g1ggBxl8DHLNxI8oFLphIRZaAWfrM=
github.com/tamx/golang-github-thomsonreuterseikon-go-ntlm v0.0.0-20170724044155-2cfbe50241e1/go.mod h1:jwDyiEh1DuNefQZWxYUcVmF513JXAwUE8+qZhXfH7jE=
golang.org/x/net v0.0.0-20211216030914-fe4d6282115f h1:hEYJvxw1lSnWIl8X9ofsYMklzaDs90JI2az5YMd4fPM=
golang.org/x/net v0.0.0-20211216030914-fe4d6282115f/go.mod h1:9nx3DQGgdP8bBQD5qxJ1jj9UTztislL4KSBs9R2vV5Y=
golang.org/x/sys v0.0.0-20201119102817-f84b799fce68/go.mod h1:h1NjWce9XRLGQEsW7wpKNCjG9DtNlClVuFLEZdDNbEs=
golang.org/x/sys v0.0.0-20201207223542-d4d67f95c62d/go.mod h1:h1NjWce9XRLGQEsW7wpKNCjG9DtNlClVuFLEZdDNbEs=
golang.org/x/sys v0.0.0-20210423082822-04245dca01da h1:b3NXsE2LusjYGGjL5bxEVZZORm/YEFFrWFjR8eFrw/c=
golang.org/x/sys v0.0.0-20210423082822-04245dca01da/go.mod h1:h1NjWce9XRLGQEsW7wpKNCjG9DtNlClVuFLEZdDNbEs=
golang.org/x/term v0.0.0-20201126162022-7de9c90e9dd1/go.mod h1:bj7SfCRtBDWHUb9snDiAeCFNEtKQo2Wmx5Cou7ajbmo=
golang.org/x/text v0.3.6/go.mod h1:5Zoc/QRtKVWzQhOtBMvqHzDpF6irO9z98xDceosuGiQ=
golang.org/x/tools v0.0.0-20180917221912-90fa682c2a6e/go.mod h1:n7NCudcB/nEzxVGmLbDWY5pfWTLqBcC2KZ6jyYvM4mQ=
