github.com/ThomsonReutersEikon/go-ntlm v0.0.0-20181130171125-cf23bd1ecf18 h1:RlOimIFMhxYWS3dkHzqgLjigsn9OC6EOeSBL9dEUmxk=
github.com/ThomsonReutersEikon/go-ntlm v0.0.0-20181130171125-cf23bd1ecf18/go.mod h1:0eFwySJYxbNw/r8cJ01IeztpJfwrgrmiLtYig80Yvrc=
github.com/gobwas/httphead v0.1.0 h1:exrUm0f4YX0L7EBwZHuCF4GDp8aJfVeBrlLQrs6NqWU=
github.com/gobwas/httphead v0.1.0/go.mod h1:O/RXo79gxV8G+RqlR/otEwx4Q36zl9rqC5u12GKvMCM=
github.com/gobwas/pool v0.2.1 h1:xfeeEhW7pwmX8nuLVlqbzVc7udMDrwetjEv+TZIz1og=
github.com/gobwas/pool v0.2.1/go.mod h1:q8bcK0KcYlCgd9e7WYLm9LpyS+YeLd8JVDW6WezmKEw=
github.com/gobwas/ws v1.1.0 h1:7RFti/xnNkMJnrK7D1yQ/iCIB5OrrY/54/H930kIbHA=
github.com/gobwas/ws v1.1.0/go.mod h1:nzvNcVha5eUziGrbxFCo6qFIojQHjJV5cLYIbezhfL0=
github.com/tamx/golang-digest v0.0.0-20201114012410-9d6271ecc124 h1:yhFw8jwuSiVgv7+J5ILuACwXhlnYYWP6IzmcjFrQ/+U=
github.com/tamx/golang-digest v0.0.0-20201114012410-9d6271ecc124/go.mod h1:KyAF6X+pyzUwC76NGuFW/WKJ5IL2ndNOTJkl6Jp9CwY=
github.com/tamx/golang-digest v0.0.0-20220617021657-8dc98a177d5f h1:ErzNSGtVGaNOm3VN4DUFXWziEQO7nei3NvWXh9xL3YA=
github.com/tamx/golang-digest v0.0.0-20220617021657-8dc98a177d5f/go.mod h1:EwdsDT/gak4KgDGrd8sQDxkhy8ceMcMsRaYZZjW63wI=
github.com/tamx/golang-github-thomsonreuterseikon-go-ntlm v0.0.0-20170724044155-2cfbe50241e1 h1:kNWct+TEdFwYe+g1ggBxl8DHLNxI8oFLphIRZaAWfrM=
github.com/tamx/golang-github-thomsonreuterseikon-go-ntlm v0.0.0-20170724044155-2cfbe50241e1/go.mod h1:jwDyiEh1DuNefQZWxYUcVmF513JXAwUE8+qZhXfH7jE=
golang.org/x/net v0.0.0-20220225172249-27dd8689420f h1:oA4XRj0qtSt8Yo1Zms0CUlsT3KG69V2UGQWPBxujDmc=
golang.org/x/net v0.0.0-20220225172249-27dd8689420f/go.mod h1:CfG3xpIq0wQ8r1q4Su4UZFWDARRcnwPjda9FqA0JpMk=
golang.org/x/net v0.8.0 h1:Zrh2ngAOFYneWTAIAPethzeaQLuHwhuBkuV6ZiRnUaQ=
golang.org/x/net v0.8.0/go.mod h1:QVkue5JL9kW//ek3r6jTKnTFis1tRmNAW2P1shuFdJc=
golang.org/x/sys v0.0.0-20201207223542-d4d67f95c62d/go.mod h1:h1NjWce9XRLGQEsW7wpKNCjG9DtNlClVuFLEZdDNbEs=
golang.org/x/sys v0.0.0-20210615035016-665e8c7367d1/go.mod h1:oPkhp1MJrh7nUepCBck5+mAzfO9JrbApNNgaTdGDITg=
golang.org/x/sys v0.0.0-20211216021012-1d35b9e2eb4e h1:fLOSk5Q00efkSvAm+4xcoXD+RRmLmmulPn5I3Y9F2EM=
golang.org/x/sys v0.0.0-20211216021012-1d35b9e2eb4e/go.mod h1:oPkhp1MJrh7nUepCBck5+mAzfO9JrbApNNgaTdGDITg=
golang.org/x/sys v0.6.0 h1:MVltZSvRTcU2ljQOhs94SXPftV6DCNnZViHeQps87pQ=
golang.org/x/sys v0.6.0/go.mod h1:oPkhp1MJrh7nUepCBck5+mAzfO9JrbApNNgaTdGDITg=
golang.org/x/term v0.0.0-20210927222741-03fcf44c2211/go.mod h1:jbD1KX2456YbFQfuXm/mYQcufACuNUgVhRMnK/tPxf8=
golang.org/x/text v0.3.7/go.mod h1:u+2+/6zg+i71rQMx5EYifcz6MCKuco9NR6JIITiCfzQ=
golang.org/x/tools v0.0.0-20180917221912-90fa682c2a6e/go.mod h1:n7NCudcB/nEzxVGmLbDWY5pfWTLqBcC2KZ6jyYvM4mQ=
